
Microsoft Visual Studio Solution File, Format Version 12.00
# Visual Studio Version 17
VisualStudioVersion = 17.12.35506.116 d17.12
MinimumVisualStudioVersion = 10.0.40219.1
Project("{FAE04EC0-301F-11D3-BF4B-00C04F79EFBC}") = "Pop_Claudia_Lab1", "Pop_Claudia_Lab1.csproj", "{1A9D77E6-B196-4878-984E-C027F77B4159}"
EndProject
Global
	GlobalSection(SolutionConfigurationPlatforms) = preSolution
		Debug|Any CPU = Debug|Any CPU
		Release|Any CPU = Release|Any CPU
	EndGlobalSection
	GlobalSection(ProjectConfigurationPlatforms) = postSolution
		{1A9D77E6-B196-4878-984E-C027F77B4159}.Debug|Any CPU.ActiveCfg = Debug|Any CPU
		{1A9D77E6-B196-4878-984E-C027F77B4159}.Debug|Any CPU.Build.0 = Debug|Any CPU
		{1A9D77E6-B196-4878-984E-C027F77B4159}.Release|Any CPU.ActiveCfg = Release|Any CPU
		{1A9D77E6-B196-4878-984E-C027F77B4159}.Release|Any CPU.Build.0 = Release|Any CPU
	EndGlobalSection
	GlobalSection(SolutionProperties) = preSolution
		HideSolutionNode = FALSE
	EndGlobalSection
EndGlobal
